// !$*UTF8*$!
{
	archiveVersion = 1;
	classes = {
	};
	objectVersion = 56;
	objects = {

/* Begin PBXBuildFile section */
		460598872BB5239B00AB968E /* AppetizersApp.swift in Sources */ = {isa = PBXBuildFile; fileRef = 460598862BB5239B00AB968E /* AppetizersApp.swift */; };
		460598892BB5239B00AB968E /* AppetizerTabView.swift in Sources */ = {isa = PBXBuildFile; fileRef = 460598882BB5239B00AB968E /* AppetizerTabView.swift */; };
		4605988B2BB5239E00AB968E /* Assets.xcassets in Resources */ = {isa = PBXBuildFile; fileRef = 4605988A2BB5239E00AB968E /* Assets.xcassets */; };
		4605988E2BB5239E00AB968E /* Preview Assets.xcassets in Resources */ = {isa = PBXBuildFile; fileRef = 4605988D2BB5239E00AB968E /* Preview Assets.xcassets */; };
		460598952BB5252D00AB968E /* AccountView.swift in Sources */ = {isa = PBXBuildFile; fileRef = 460598942BB5252D00AB968E /* AccountView.swift */; };
		460598972BB5253900AB968E /* OrderView.swift in Sources */ = {isa = PBXBuildFile; fileRef = 460598962BB5253900AB968E /* OrderView.swift */; };
		460598992BB5258300AB968E /* HomeView.swift in Sources */ = {isa = PBXBuildFile; fileRef = 460598982BB5258300AB968E /* HomeView.swift */; };
		4605989B2BB542B400AB968E /* Appetizer.swift in Sources */ = {isa = PBXBuildFile; fileRef = 4605989A2BB542B400AB968E /* Appetizer.swift */; };
		4605989D2BB54DC500AB968E /* AppetizerListCell.swift in Sources */ = {isa = PBXBuildFile; fileRef = 4605989C2BB54DC500AB968E /* AppetizerListCell.swift */; };
		462E982F2BB7BCFF00C899A9 /* APError.swift in Sources */ = {isa = PBXBuildFile; fileRef = 462E982E2BB7BCFF00C899A9 /* APError.swift */; };
		462E98312BB8012E00C899A9 /* HomeViewModel.swift in Sources */ = {isa = PBXBuildFile; fileRef = 462E98302BB8012E00C899A9 /* HomeViewModel.swift */; };
		462E98332BB8031000C899A9 /* Alert.swift in Sources */ = {isa = PBXBuildFile; fileRef = 462E98322BB8031000C899A9 /* Alert.swift */; };
		4632741F2BC0EB7100942909 /* APButton.swift in Sources */ = {isa = PBXBuildFile; fileRef = 4632741E2BC0EB7100942909 /* APButton.swift */; };
		463274212BC0ED7100942909 /* XDismissButton.swift in Sources */ = {isa = PBXBuildFile; fileRef = 463274202BC0ED7100942909 /* XDismissButton.swift */; };
		463274232BC1151C00942909 /* AccountViewModel.swift in Sources */ = {isa = PBXBuildFile; fileRef = 463274222BC1151C00942909 /* AccountViewModel.swift */; };
		463274252BC1358100942909 /* String+Ext.swift in Sources */ = {isa = PBXBuildFile; fileRef = 463274242BC1358100942909 /* String+Ext.swift */; };
		46435C3A2BB9213E00FDA0DA /* LoadingView.swift in Sources */ = {isa = PBXBuildFile; fileRef = 46435C392BB9213E00FDA0DA /* LoadingView.swift */; };
		46435C3C2BB9226000FDA0DA /* Color+Ext.swift in Sources */ = {isa = PBXBuildFile; fileRef = 46435C3B2BB9226000FDA0DA /* Color+Ext.swift */; };
		46435C3E2BB92EF000FDA0DA /* RemoteImage.swift in Sources */ = {isa = PBXBuildFile; fileRef = 46435C3D2BB92EF000FDA0DA /* RemoteImage.swift */; };
		46B11CCC2BB69BE2002085A0 /* NetworkManager.swift in Sources */ = {isa = PBXBuildFile; fileRef = 46B11CCB2BB69BE2002085A0 /* NetworkManager.swift */; };
		46D2D75C2BBA4A750022C4FA /* DetailView.swift in Sources */ = {isa = PBXBuildFile; fileRef = 46D2D75B2BBA4A750022C4FA /* DetailView.swift */; };
/* End PBXBuildFile section */

/* Begin PBXFileReference section */
		460598832BB5239B00AB968E /* Appetizers.app */ = {isa = PBXFileReference; explicitFileType = wrapper.application; includeInIndex = 0; path = Appetizers.app; sourceTree = BUILT_PRODUCTS_DIR; };
		460598862BB5239B00AB968E /* AppetizersApp.swift */ = {isa = PBXFileReference; lastKnownFileType = sourcecode.swift; path = AppetizersApp.swift; sourceTree = "<group>"; };
		460598882BB5239B00AB968E /* AppetizerTabView.swift */ = {isa = PBXFileReference; lastKnownFileType = sourcecode.swift; path = AppetizerTabView.swift; sourceTree = "<group>"; };
		4605988A2BB5239E00AB968E /* Assets.xcassets */ = {isa = PBXFileReference; lastKnownFileType = folder.assetcatalog; path = Assets.xcassets; sourceTree = "<group>"; };
		4605988D2BB5239E00AB968E /* Preview Assets.xcassets */ = {isa = PBXFileReference; lastKnownFileType = folder.assetcatalog; path = "Preview Assets.xcassets"; sourceTree = "<group>"; };
		460598942BB5252D00AB968E /* AccountView.swift */ = {isa = PBXFileReference; lastKnownFileType = sourcecode.swift; path = AccountView.swift; sourceTree = "<group>"; };
		460598962BB5253900AB968E /* OrderView.swift */ = {isa = PBXFileReference; lastKnownFileType = sourcecode.swift; path = OrderView.swift; sourceTree = "<group>"; };
		460598982BB5258300AB968E /* HomeView.swift */ = {isa = PBXFileReference; lastKnownFileType = sourcecode.swift; path = HomeView.swift; sourceTree = "<group>"; };
		4605989A2BB542B400AB968E /* Appetizer.swift */ = {isa = PBXFileReference; lastKnownFileType = sourcecode.swift; path = Appetizer.swift; sourceTree = "<group>"; };
		4605989C2BB54DC500AB968E /* AppetizerListCell.swift */ = {isa = PBXFileReference; lastKnownFileType = sourcecode.swift; path = AppetizerListCell.swift; sourceTree = "<group>"; };
		462E982E2BB7BCFF00C899A9 /* APError.swift */ = {isa = PBXFileReference; lastKnownFileType = sourcecode.swift; path = APError.swift; sourceTree = "<group>"; };
		462E98302BB8012E00C899A9 /* HomeViewModel.swift */ = {isa = PBXFileReference; lastKnownFileType = sourcecode.swift; path = HomeViewModel.swift; sourceTree = "<group>"; };
		462E98322BB8031000C899A9 /* Alert.swift */ = {isa = PBXFileReference; lastKnownFileType = sourcecode.swift; path = Alert.swift; sourceTree = "<group>"; };
		4632741E2BC0EB7100942909 /* APButton.swift */ = {isa = PBXFileReference; lastKnownFileType = sourcecode.swift; path = APButton.swift; sourceTree = "<group>"; };
		463274202BC0ED7100942909 /* XDismissButton.swift */ = {isa = PBXFileReference; lastKnownFileType = sourcecode.swift; path = XDismissButton.swift; sourceTree = "<group>"; };
		463274222BC1151C00942909 /* AccountViewModel.swift */ = {isa = PBXFileReference; lastKnownFileType = sourcecode.swift; path = AccountViewModel.swift; sourceTree = "<group>"; };
		463274242BC1358100942909 /* String+Ext.swift */ = {isa = PBXFileReference; lastKnownFileType = sourcecode.swift; path = "String+Ext.swift"; sourceTree = "<group>"; };
		46435C392BB9213E00FDA0DA /* LoadingView.swift */ = {isa = PBXFileReference; lastKnownFileType = sourcecode.swift; path = LoadingView.swift; sourceTree = "<group>"; };
		46435C3B2BB9226000FDA0DA /* Color+Ext.swift */ = {isa = PBXFileReference; lastKnownFileType = sourcecode.swift; path = "Color+Ext.swift"; sourceTree = "<group>"; };
		46435C3D2BB92EF000FDA0DA /* RemoteImage.swift */ = {isa = PBXFileReference; lastKnownFileType = sourcecode.swift; path = RemoteImage.swift; sourceTree = "<group>"; };
		46B11CCB2BB69BE2002085A0 /* NetworkManager.swift */ = {isa = PBXFileReference; lastKnownFileType = sourcecode.swift; path = NetworkManager.swift; sourceTree = "<group>"; };
		46D2D75B2BBA4A750022C4FA /* DetailView.swift */ = {isa = PBXFileReference; lastKnownFileType = sourcecode.swift; path = DetailView.swift; sourceTree = "<group>"; };
/* End PBXFileReference section */

/* Begin PBXFrameworksBuildPhase section */
		460598802BB5239B00AB968E /* Frameworks */ = {
			isa = PBXFrameworksBuildPhase;
			buildActionMask = 2147483647;
			files = (
			);
			runOnlyForDeploymentPostprocessing = 0;
		};
/* End PBXFrameworksBuildPhase section */

/* Begin PBXGroup section */
		4605987A2BB5239B00AB968E = {
			isa = PBXGroup;
			children = (
				460598852BB5239B00AB968E /* Appetizers */,
				460598842BB5239B00AB968E /* Products */,
			);
			sourceTree = "<group>";
		};
		460598842BB5239B00AB968E /* Products */ = {
			isa = PBXGroup;
			children = (
				460598832BB5239B00AB968E /* Appetizers.app */,
			);
			name = Products;
			sourceTree = "<group>";
		};
		460598852BB5239B00AB968E /* Appetizers */ = {
			isa = PBXGroup;
			children = (
				46D2D7572BBA48180022C4FA /* Views */,
				46D2D7562BBA47DD0022C4FA /* Model */,
				46435C432BB9530300FDA0DA /* Utilities */,
				46435C3F2BB9522D00FDA0DA /* Screens */,
				460598862BB5239B00AB968E /* AppetizersApp.swift */,
				4605988A2BB5239E00AB968E /* Assets.xcassets */,
				4605988C2BB5239E00AB968E /* Preview Content */,
			);
			path = Appetizers;
			sourceTree = "<group>";
		};
		4605988C2BB5239E00AB968E /* Preview Content */ = {
			isa = PBXGroup;
			children = (
				4605988D2BB5239E00AB968E /* Preview Assets.xcassets */,
			);
			path = "Preview Content";
			sourceTree = "<group>";
		};
		4632741D2BC0EB4F00942909 /* Buttons */ = {
			isa = PBXGroup;
			children = (
				4632741E2BC0EB7100942909 /* APButton.swift */,
				463274202BC0ED7100942909 /* XDismissButton.swift */,
			);
			path = Buttons;
			sourceTree = "<group>";
		};
		46435C3F2BB9522D00FDA0DA /* Screens */ = {
			isa = PBXGroup;
			children = (
				460598882BB5239B00AB968E /* AppetizerTabView.swift */,
				46435C422BB952B000FDA0DA /* OrderView */,
				46435C412BB952A500FDA0DA /* AccountView */,
				46435C402BB9525800FDA0DA /* HomeView */,
			);
			path = Screens;
			sourceTree = "<group>";
		};
		46435C402BB9525800FDA0DA /* HomeView */ = {
			isa = PBXGroup;
			children = (
				460598982BB5258300AB968E /* HomeView.swift */,
				462E98302BB8012E00C899A9 /* HomeViewModel.swift */,
				46D2D75B2BBA4A750022C4FA /* DetailView.swift */,
			);
			path = HomeView;
			sourceTree = "<group>";
		};
		46435C412BB952A500FDA0DA /* AccountView */ = {
			isa = PBXGroup;
			children = (
				460598942BB5252D00AB968E /* AccountView.swift */,
				463274222BC1151C00942909 /* AccountViewModel.swift */,
			);
			path = AccountView;
			sourceTree = "<group>";
		};
		46435C422BB952B000FDA0DA /* OrderView */ = {
			isa = PBXGroup;
			children = (
				460598962BB5253900AB968E /* OrderView.swift */,
			);
			path = OrderView;
			sourceTree = "<group>";
		};
		46435C432BB9530300FDA0DA /* Utilities */ = {
			isa = PBXGroup;
			children = (
				46435C462BB9532600FDA0DA /* Managers */,
				46435C452BB9531D00FDA0DA /* Extensions */,
				46435C442BB9531600FDA0DA /* Alert */,
			);
			path = Utilities;
			sourceTree = "<group>";
		};
		46435C442BB9531600FDA0DA /* Alert */ = {
			isa = PBXGroup;
			children = (
				462E98322BB8031000C899A9 /* Alert.swift */,
				462E982E2BB7BCFF00C899A9 /* APError.swift */,
			);
			path = Alert;
			sourceTree = "<group>";
		};
		46435C452BB9531D00FDA0DA /* Extensions */ = {
			isa = PBXGroup;
			children = (
				46435C3B2BB9226000FDA0DA /* Color+Ext.swift */,
				463274242BC1358100942909 /* String+Ext.swift */,
			);
			path = Extensions;
			sourceTree = "<group>";
		};
		46435C462BB9532600FDA0DA /* Managers */ = {
			isa = PBXGroup;
			children = (
				46B11CCB2BB69BE2002085A0 /* NetworkManager.swift */,
			);
			path = Managers;
			sourceTree = "<group>";
		};
		46D2D7562BBA47DD0022C4FA /* Model */ = {
			isa = PBXGroup;
			children = (
				4605989A2BB542B400AB968E /* Appetizer.swift */,
			);
			path = Model;
			sourceTree = "<group>";
		};
		46D2D7572BBA48180022C4FA /* Views */ = {
			isa = PBXGroup;
			children = (
				4632741D2BC0EB4F00942909 /* Buttons */,
				46D2D75A2BBA484C0022C4FA /* Images */,
				46D2D7592BBA483E0022C4FA /* Cells */,
				46D2D7582BBA48270022C4FA /* UIKit Components */,
			);
			path = Views;
			sourceTree = "<group>";
		};
		46D2D7582BBA48270022C4FA /* UIKit Components */ = {
			isa = PBXGroup;
			children = (
				46435C392BB9213E00FDA0DA /* LoadingView.swift */,
			);
			path = "UIKit Components";
			sourceTree = "<group>";
		};
		46D2D7592BBA483E0022C4FA /* Cells */ = {
			isa = PBXGroup;
			children = (
				4605989C2BB54DC500AB968E /* AppetizerListCell.swift */,
			);
			path = Cells;
			sourceTree = "<group>";
		};
		46D2D75A2BBA484C0022C4FA /* Images */ = {
			isa = PBXGroup;
			children = (
				46435C3D2BB92EF000FDA0DA /* RemoteImage.swift */,
			);
			path = Images;
			sourceTree = "<group>";
		};
/* End PBXGroup section */

/* Begin PBXNativeTarget section */
		460598822BB5239B00AB968E /* Appetizers */ = {
			isa = PBXNativeTarget;
			buildConfigurationList = 460598912BB5239E00AB968E /* Build configuration list for PBXNativeTarget "Appetizers" */;
			buildPhases = (
				4605987F2BB5239B00AB968E /* Sources */,
				460598802BB5239B00AB968E /* Frameworks */,
				460598812BB5239B00AB968E /* Resources */,
			);
			buildRules = (
			);
			dependencies = (
			);
			name = Appetizers;
			productName = Appetizers;
			productReference = 460598832BB5239B00AB968E /* Appetizers.app */;
			productType = "com.apple.product-type.application";
		};
/* End PBXNativeTarget section */

/* Begin PBXProject section */
		4605987B2BB5239B00AB968E /* Project object */ = {
			isa = PBXProject;
			attributes = {
				BuildIndependentTargetsInParallel = 1;
				LastSwiftUpdateCheck = 1430;
				LastUpgradeCheck = 1430;
				TargetAttributes = {
					460598822BB5239B00AB968E = {
						CreatedOnToolsVersion = 14.3.1;
					};
				};
			};
			buildConfigurationList = 4605987E2BB5239B00AB968E /* Build configuration list for PBXProject "Appetizers" */;
			compatibilityVersion = "Xcode 14.0";
			developmentRegion = en;
			hasScannedForEncodings = 0;
			knownRegions = (
				en,
				Base,
			);
			mainGroup = 4605987A2BB5239B00AB968E;
			productRefGroup = 460598842BB5239B00AB968E /* Products */;
			projectDirPath = "";
			projectRoot = "";
			targets = (
				460598822BB5239B00AB968E /* Appetizers */,
			);
		};
/* End PBXProject section */

/* Begin PBXResourcesBuildPhase section */
		460598812BB5239B00AB968E /* Resources */ = {
			isa = PBXResourcesBuildPhase;
			buildActionMask = 2147483647;
			files = (
				4605988E2BB5239E00AB968E /* Preview Assets.xcassets in Resources */,
				4605988B2BB5239E00AB968E /* Assets.xcassets in Resources */,
			);
			runOnlyForDeploymentPostprocessing = 0;
		};
/* End PBXResourcesBuildPhase section */

/* Begin PBXSourcesBuildPhase section */
		4605987F2BB5239B00AB968E /* Sources */ = {
			isa = PBXSourcesBuildPhase;
			buildActionMask = 2147483647;
			files = (
				4605989B2BB542B400AB968E /* Appetizer.swift in Sources */,
				462E982F2BB7BCFF00C899A9 /* APError.swift in Sources */,
				463274212BC0ED7100942909 /* XDismissButton.swift in Sources */,
				4605989D2BB54DC500AB968E /* AppetizerListCell.swift in Sources */,
				463274232BC1151C00942909 /* AccountViewModel.swift in Sources */,
				462E98312BB8012E00C899A9 /* HomeViewModel.swift in Sources */,
				46435C3C2BB9226000FDA0DA /* Color+Ext.swift in Sources */,
				460598952BB5252D00AB968E /* AccountView.swift in Sources */,
				4632741F2BC0EB7100942909 /* APButton.swift in Sources */,
				46435C3A2BB9213E00FDA0DA /* LoadingView.swift in Sources */,
				460598972BB5253900AB968E /* OrderView.swift in Sources */,
				46B11CCC2BB69BE2002085A0 /* NetworkManager.swift in Sources */,
				46435C3E2BB92EF000FDA0DA /* RemoteImage.swift in Sources */,
				463274252BC1358100942909 /* String+Ext.swift in Sources */,
				460598892BB5239B00AB968E /* AppetizerTabView.swift in Sources */,
				462E98332BB8031000C899A9 /* Alert.swift in Sources */,
				460598992BB5258300AB968E /* HomeView.swift in Sources */,
				46D2D75C2BBA4A750022C4FA /* DetailView.swift in Sources */,
				460598872BB5239B00AB968E /* AppetizersApp.swift in Sources */,
			);
			runOnlyForDeploymentPostprocessing = 0;
		};
/* End PBXSourcesBuildPhase section */

/* Begin XCBuildConfiguration section */
		4605988F2BB5239E00AB968E /* Debug */ = {
			isa = XCBuildConfiguration;
			buildSettings = {
				ALWAYS_SEARCH_USER_PATHS = NO;
				CLANG_ANALYZER_NONNULL = YES;
				CLANG_ANALYZER_NUMBER_OBJECT_CONVERSION = YES_AGGRESSIVE;
				CLANG_CXX_LANGUAGE_STANDARD = "gnu++20";
				CLANG_ENABLE_MODULES = YES;
				CLANG_ENABLE_OBJC_ARC = YES;
				CLANG_ENABLE_OBJC_WEAK = YES;
				CLANG_WARN_BLOCK_CAPTURE_AUTORELEASING = YES;
				CLANG_WARN_BOOL_CONVERSION = YES;
				CLANG_WARN_COMMA = YES;
				CLANG_WARN_CONSTANT_CONVERSION = YES;
				CLANG_WARN_DEPRECATED_OBJC_IMPLEMENTATIONS = YES;
				CLANG_WARN_DIRECT_OBJC_ISA_USAGE = YES_ERROR;
				CLANG_WARN_DOCUMENTATION_COMMENTS = YES;
				CLANG_WARN_EMPTY_BODY = YES;
				CLANG_WARN_ENUM_CONVERSION = YES;
				CLANG_WARN_INFINITE_RECURSION = YES;
				CLANG_WARN_INT_CONVERSION = YES;
				CLANG_WARN_NON_LITERAL_NULL_CONVERSION = YES;
				CLANG_WARN_OBJC_IMPLICIT_RETAIN_SELF = YES;
				CLANG_WARN_OBJC_LITERAL_CONVERSION = YES;
				CLANG_WARN_OBJC_ROOT_CLASS = YES_ERROR;
				CLANG_WARN_QUOTED_INCLUDE_IN_FRAMEWORK_HEADER = YES;
				CLANG_WARN_RANGE_LOOP_ANALYSIS = YES;
				CLANG_WARN_STRICT_PROTOTYPES = YES;
				CLANG_WARN_SUSPICIOUS_MOVE = YES;
				CLANG_WARN_UNGUARDED_AVAILABILITY = YES_AGGRESSIVE;
				CLANG_WARN_UNREACHABLE_CODE = YES;
				CLANG_WARN__DUPLICATE_METHOD_MATCH = YES;
				COPY_PHASE_STRIP = NO;
				DEBUG_INFORMATION_FORMAT = dwarf;
				ENABLE_STRICT_OBJC_MSGSEND = YES;
				ENABLE_TESTABILITY = YES;
				GCC_C_LANGUAGE_STANDARD = gnu11;
				GCC_DYNAMIC_NO_PIC = NO;
				GCC_NO_COMMON_BLOCKS = YES;
				GCC_OPTIMIZATION_LEVEL = 0;
				GCC_PREPROCESSOR_DEFINITIONS = (
					"DEBUG=1",
					"$(inherited)",
				);
				GCC_WARN_64_TO_32_BIT_CONVERSION = YES;
				GCC_WARN_ABOUT_RETURN_TYPE = YES_ERROR;
				GCC_WARN_UNDECLARED_SELECTOR = YES;
				GCC_WARN_UNINITIALIZED_AUTOS = YES_AGGRESSIVE;
				GCC_WARN_UNUSED_FUNCTION = YES;
				GCC_WARN_UNUSED_VARIABLE = YES;
				IPHONEOS_DEPLOYMENT_TARGET = 16.4;
				MTL_ENABLE_DEBUG_INFO = INCLUDE_SOURCE;
				MTL_FAST_MATH = YES;
				ONLY_ACTIVE_ARCH = YES;
				SDKROOT = iphoneos;
				SWIFT_ACTIVE_COMPILATION_CONDITIONS = DEBUG;
				SWIFT_OPTIMIZATION_LEVEL = "-Onone";
			};
			name = Debug;
		};
		460598902BB5239E00AB968E /* Release */ = {
			isa = XCBuildConfiguration;
			buildSettings = {
				ALWAYS_SEARCH_USER_PATHS = NO;
				CLANG_ANALYZER_NONNULL = YES;
				CLANG_ANALYZER_NUMBER_OBJECT_CONVERSION = YES_AGGRESSIVE;
				CLANG_CXX_LANGUAGE_STANDARD = "gnu++20";
				CLANG_ENABLE_MODULES = YES;
				CLANG_ENABLE_OBJC_ARC = YES;
				CLANG_ENABLE_OBJC_WEAK = YES;
				CLANG_WARN_BLOCK_CAPTURE_AUTORELEASING = YES;
				CLANG_WARN_BOOL_CONVERSION = YES;
				CLANG_WARN_COMMA = YES;
				CLANG_WARN_CONSTANT_CONVERSION = YES;
				CLANG_WARN_DEPRECATED_OBJC_IMPLEMENTATIONS = YES;
				CLANG_WARN_DIRECT_OBJC_ISA_USAGE = YES_ERROR;
				CLANG_WARN_DOCUMENTATION_COMMENTS = YES;
				CLANG_WARN_EMPTY_BODY = YES;
				CLANG_WARN_ENUM_CONVERSION = YES;
				CLANG_WARN_INFINITE_RECURSION = YES;
				CLANG_WARN_INT_CONVERSION = YES;
				CLANG_WARN_NON_LITERAL_NULL_CONVERSION = YES;
				CLANG_WARN_OBJC_IMPLICIT_RETAIN_SELF = YES;
				CLANG_WARN_OBJC_LITERAL_CONVERSION = YES;
				CLANG_WARN_OBJC_ROOT_CLASS = YES_ERROR;
				CLANG_WARN_QUOTED_INCLUDE_IN_FRAMEWORK_HEADER = YES;
				CLANG_WARN_RANGE_LOOP_ANALYSIS = YES;
				CLANG_WARN_STRICT_PROTOTYPES = YES;
				CLANG_WARN_SUSPICIOUS_MOVE = YES;
				CLANG_WARN_UNGUARDED_AVAILABILITY = YES_AGGRESSIVE;
				CLANG_WARN_UNREACHABLE_CODE = YES;
				CLANG_WARN__DUPLICATE_METHOD_MATCH = YES;
				COPY_PHASE_STRIP = NO;
				DEBUG_INFORMATION_FORMAT = "dwarf-with-dsym";
				ENABLE_NS_ASSERTIONS = NO;
				ENABLE_STRICT_OBJC_MSGSEND = YES;
				GCC_C_LANGUAGE_STANDARD = gnu11;
				GCC_NO_COMMON_BLOCKS = YES;
				GCC_WARN_64_TO_32_BIT_CONVERSION = YES;
				GCC_WARN_ABOUT_RETURN_TYPE = YES_ERROR;
				GCC_WARN_UNDECLARED_SELECTOR = YES;
				GCC_WARN_UNINITIALIZED_AUTOS = YES_AGGRESSIVE;
				GCC_WARN_UNUSED_FUNCTION = YES;
				GCC_WARN_UNUSED_VARIABLE = YES;
				IPHONEOS_DEPLOYMENT_TARGET = 16.4;
				MTL_ENABLE_DEBUG_INFO = NO;
				MTL_FAST_MATH = YES;
				SDKROOT = iphoneos;
				SWIFT_COMPILATION_MODE = wholemodule;
				SWIFT_OPTIMIZATION_LEVEL = "-O";
				VALIDATE_PRODUCT = YES;
			};
			name = Release;
		};
		460598922BB5239E00AB968E /* Debug */ = {
			isa = XCBuildConfiguration;
			buildSettings = {
				ASSETCATALOG_COMPILER_APPICON_NAME = AppIcon;
				ASSETCATALOG_COMPILER_GLOBAL_ACCENT_COLOR_NAME = AccentColor;
				CODE_SIGN_STYLE = Automatic;
				CURRENT_PROJECT_VERSION = 1;
				DEVELOPMENT_ASSET_PATHS = "\"Appetizers/Preview Content\"";
				ENABLE_PREVIEWS = YES;
				GENERATE_INFOPLIST_FILE = YES;
				INFOPLIST_KEY_UIApplicationSceneManifest_Generation = YES;
				INFOPLIST_KEY_UIApplicationSupportsIndirectInputEvents = YES;
				INFOPLIST_KEY_UILaunchScreen_Generation = YES;
				INFOPLIST_KEY_UISupportedInterfaceOrientations_iPad = "UIInterfaceOrientationPortrait UIInterfaceOrientationPortraitUpsideDown UIInterfaceOrientationLandscapeLeft UIInterfaceOrientationLandscapeRight";
				INFOPLIST_KEY_UISupportedInterfaceOrientations_iPhone = "UIInterfaceOrientationPortrait UIInterfaceOrientationLandscapeLeft UIInterfaceOrientationLandscapeRight";
				LD_RUNPATH_SEARCH_PATHS = (
					"$(inherited)",
					"@executable_path/Frameworks",
				);
				MARKETING_VERSION = 1.0;
				PRODUCT_BUNDLE_IDENTIFIER = com.learning.Appetizers;
				PRODUCT_NAME = "$(TARGET_NAME)";
				SWIFT_EMIT_LOC_STRINGS = YES;
				SWIFT_VERSION = 5.0;
				TARGETED_DEVICE_FAMILY = "1,2";
			};
			name = Debug;
		};
		460598932BB5239E00AB968E /* Release */ = {
			isa = XCBuildConfiguration;
			buildSettings = {
				ASSETCATALOG_COMPILER_APPICON_NAME = AppIcon;
				ASSETCATALOG_COMPILER_GLOBAL_ACCENT_COLOR_NAME = AccentColor;
				CODE_SIGN_STYLE = Automatic;
				CURRENT_PROJECT_VERSION = 1;
				DEVELOPMENT_ASSET_PATHS = "\"Appetizers/Preview Content\"";
				ENABLE_PREVIEWS = YES;
				GENERATE_INFOPLIST_FILE = YES;
				INFOPLIST_KEY_UIApplicationSceneManifest_Generation = YES;
				INFOPLIST_KEY_UIApplicationSupportsIndirectInputEvents = YES;
				INFOPLIST_KEY_UILaunchScreen_Generation = YES;
				INFOPLIST_KEY_UISupportedInterfaceOrientations_iPad = "UIInterfaceOrientationPortrait UIInterfaceOrientationPortraitUpsideDown UIInterfaceOrientationLandscapeLeft UIInterfaceOrientationLandscapeRight";
				INFOPLIST_KEY_UISupportedInterfaceOrientations_iPhone = "UIInterfaceOrientationPortrait UIInterfaceOrientationLandscapeLeft UIInterfaceOrientationLandscapeRight";
				LD_RUNPATH_SEARCH_PATHS = (
					"$(inherited)",
					"@executable_path/Frameworks",
				);
				MARKETING_VERSION = 1.0;
				PRODUCT_BUNDLE_IDENTIFIER = com.learning.Appetizers;
				PRODUCT_NAME = "$(TARGET_NAME)";
				SWIFT_EMIT_LOC_STRINGS = YES;
				SWIFT_VERSION = 5.0;
				TARGETED_DEVICE_FAMILY = "1,2";
			};
			name = Release;
		};
/* End XCBuildConfiguration section */

/* Begin XCConfigurationList section */
		4605987E2BB5239B00AB968E /* Build configuration list for PBXProject "Appetizers" */ = {
			isa = XCConfigurationList;
			buildConfigurations = (
				4605988F2BB5239E00AB968E /* Debug */,
				460598902BB5239E00AB968E /* Release */,
			);
			defaultConfigurationIsVisible = 0;
			defaultConfigurationName = Release;
		};
		460598912BB5239E00AB968E /* Build configuration list for PBXNativeTarget "Appetizers" */ = {
			isa = XCConfigurationList;
			buildConfigurations = (
				460598922BB5239E00AB968E /* Debug */,
				460598932BB5239E00AB968E /* Release */,
			);
			defaultConfigurationIsVisible = 0;
			defaultConfigurationName = Release;
		};
/* End XCConfigurationList section */
	};
	rootObject = 4605987B2BB5239B00AB968E /* Project object */;
}
